
Microsoft Visual Studio Solution File, Format Version 12.00
# Visual Studio 15
VisualStudioVersion = 15.0.27428.2043
MinimumVisualStudioVersion = 10.0.40219.1
Project("{11A8DD76-328B-46DF-9F39-F559912D0360}") = "nf-companion-lib-core", "nf-companion-lib-core\nf-companion-lib-core.nfproj", "{83E54679-41F6-4CD0-9AAF-3270032137A3}"
EndProject
Project("{11A8DD76-328B-46DF-9F39-F559912D0360}") = "nf-companion-samples", "nf-companion-samples\nf-companion-samples.nfproj", "{3FAFE396-E6CA-4F0D-987C-3983B9E46A94}"
EndProject
Project("{11A8DD76-328B-46DF-9F39-F559912D0360}") = "nf-companion-lib-drivers-sensors", "nf-companion-lib-drivers-sensors\nf-companion-lib-drivers-sensors.nfproj", "{36099836-D445-4CB7-952A-3274DF65A7D7}"
EndProject
Project("{11A8DD76-328B-46DF-9F39-F559912D0360}") = "nf-companion-lib-drivers-display", "nf-companion-lib-drivers-display\nf-companion-lib-drivers-display.nfproj", "{64BB933A-21B5-4B46-AB16-BACB1940FF40}"
EndProject
Project("{11A8DD76-328B-46DF-9F39-F559912D0360}") = "nf-companion-lib-drivers-memory", "nf-companion-lib-drivers-memory\nf-companion-lib-drivers-memory.nfproj", "{AA252C91-A6B9-4AF7-8A4E-72BBDFEEA164}"
EndProject
Project("{FAE04EC0-301F-11D3-BF4B-00C04F79EFBC}") = "nf-companion-tools-fgen", "nf-companion-tools-fgen\nf-companion-tools-fgen.csproj", "{5518FBFE-573E-4BCC-9C56-6DD792196D4E}"
EndProject
Global
	GlobalSection(SolutionConfigurationPlatforms) = preSolution
		Debug|Any CPU = Debug|Any CPU
		Release|Any CPU = Release|Any CPU
	EndGlobalSection
	GlobalSection(ProjectConfigurationPlatforms) = postSolution
		{83E54679-41F6-4CD0-9AAF-3270032137A3}.Debug|Any CPU.ActiveCfg = Debug|Any CPU
		{83E54679-41F6-4CD0-9AAF-3270032137A3}.Debug|Any CPU.Build.0 = Debug|Any CPU
		{83E54679-41F6-4CD0-9AAF-3270032137A3}.Debug|Any CPU.Deploy.0 = Debug|Any CPU
		{83E54679-41F6-4CD0-9AAF-3270032137A3}.Release|Any CPU.ActiveCfg = Release|Any CPU
		{83E54679-41F6-4CD0-9AAF-3270032137A3}.Release|Any CPU.Build.0 = Release|Any CPU
		{83E54679-41F6-4CD0-9AAF-3270032137A3}.Release|Any CPU.Deploy.0 = Release|Any CPU
		{3FAFE396-E6CA-4F0D-987C-3983B9E46A94}.Debug|Any CPU.ActiveCfg = Debug|Any CPU
		{3FAFE396-E6CA-4F0D-987C-3983B9E46A94}.Debug|Any CPU.Build.0 = Debug|Any CPU
		{3FAFE396-E6CA-4F0D-987C-3983B9E46A94}.Debug|Any CPU.Deploy.0 = Debug|Any CPU
		{3FAFE396-E6CA-4F0D-987C-3983B9E46A94}.Release|Any CPU.ActiveCfg = Release|Any CPU
		{3FAFE396-E6CA-4F0D-987C-3983B9E46A94}.Release|Any CPU.Build.0 = Release|Any CPU
		{3FAFE396-E6CA-4F0D-987C-3983B9E46A94}.Release|Any CPU.Deploy.0 = Release|Any CPU
		{36099836-D445-4CB7-952A-3274DF65A7D7}.Debug|Any CPU.ActiveCfg = Debug|Any CPU
		{36099836-D445-4CB7-952A-3274DF65A7D7}.Debug|Any CPU.Build.0 = Debug|Any CPU
		{36099836-D445-4CB7-952A-3274DF65A7D7}.Debug|Any CPU.Deploy.0 = Debug|Any CPU
		{36099836-D445-4CB7-952A-3274DF65A7D7}.Release|Any CPU.ActiveCfg = Release|Any CPU
		{36099836-D445-4CB7-952A-3274DF65A7D7}.Release|Any CPU.Build.0 = Release|Any CPU
		{36099836-D445-4CB7-952A-3274DF65A7D7}.Release|Any CPU.Deploy.0 = Release|Any CPU
		{64BB933A-21B5-4B46-AB16-BACB1940FF40}.Debug|Any CPU.ActiveCfg = Debug|Any CPU
		{64BB933A-21B5-4B46-AB16-BACB1940FF40}.Debug|Any CPU.Build.0 = Debug|Any CPU
		{64BB933A-21B5-4B46-AB16-BACB1940FF40}.Debug|Any CPU.Deploy.0 = Debug|Any CPU
		{64BB933A-21B5-4B46-AB16-BACB1940FF40}.Release|Any CPU.ActiveCfg = Release|Any CPU
		{64BB933A-21B5-4B46-AB16-BACB1940FF40}.Release|Any CPU.Build.0 = Release|Any CPU
		{64BB933A-21B5-4B46-AB16-BACB1940FF40}.Release|Any CPU.Deploy.0 = Release|Any CPU
		{AA252C91-A6B9-4AF7-8A4E-72BBDFEEA164}.Debug|Any CPU.ActiveCfg = Debug|Any CPU
		{AA252C91-A6B9-4AF7-8A4E-72BBDFEEA164}.Debug|Any CPU.Build.0 = Debug|Any CPU
		{AA252C91-A6B9-4AF7-8A4E-72BBDFEEA164}.Debug|Any CPU.Deploy.0 = Debug|Any CPU
		{AA252C91-A6B9-4AF7-8A4E-72BBDFEEA164}.Release|Any CPU.ActiveCfg = Release|Any CPU
		{AA252C91-A6B9-4AF7-8A4E-72BBDFEEA164}.Release|Any CPU.Build.0 = Release|Any CPU
		{AA252C91-A6B9-4AF7-8A4E-72BBDFEEA164}.Release|Any CPU.Deploy.0 = Release|Any CPU
		{5518FBFE-573E-4BCC-9C56-6DD792196D4E}.Debug|Any CPU.ActiveCfg = Debug|Any CPU
		{5518FBFE-573E-4BCC-9C56-6DD792196D4E}.Debug|Any CPU.Build.0 = Debug|Any CPU
		{5518FBFE-573E-4BCC-9C56-6DD792196D4E}.Release|Any CPU.ActiveCfg = Release|Any CPU
		{5518FBFE-573E-4BCC-9C56-6DD792196D4E}.Release|Any CPU.Build.0 = Release|Any CPU
	EndGlobalSection
	GlobalSection(SolutionProperties) = preSolution
		HideSolutionNode = FALSE
	EndGlobalSection
	GlobalSection(ExtensibilityGlobals) = postSolution
		SolutionGuid = {8097D9E0-B83F-45D0-9621-A0C3E4798CA3}
	EndGlobalSection
EndGlobal
